
Microsoft Visual Studio Solution File, Format Version 12.00
# Visual Studio Version 16
VisualStudioVersion = 16.0.31025.194
MinimumVisualStudioVersion = 10.0.40219.1
Project("{9A19103F-16F7-4668-BE54-9A1E7A4F7556}") = "FripShop", "FripShop\FripShop.csproj", "{598A5C53-05C2-4171-BD87-D5B8CF6D6241}"
EndProject
Project("{FAE04EC0-301F-11D3-BF4B-00C04F79EFBC}") = "UnitTestFripShop", "UnitTestFripShop\UnitTestFripShop.csproj", "{D7326688-E637-4DAD-B18F-A4E4CE9F16A7}"
EndProject
Global
	GlobalSection(SolutionConfigurationPlatforms) = preSolution
		Debug|Any CPU = Debug|Any CPU
		Release|Any CPU = Release|Any CPU
	EndGlobalSection
	GlobalSection(ProjectConfigurationPlatforms) = postSolution
		{598A5C53-05C2-4171-BD87-D5B8CF6D6241}.Debug|Any CPU.ActiveCfg = Debug|Any CPU
		{598A5C53-05C2-4171-BD87-D5B8CF6D6241}.Debug|Any CPU.Build.0 = Debug|Any CPU
		{598A5C53-05C2-4171-BD87-D5B8CF6D6241}.Release|Any CPU.ActiveCfg = Release|Any CPU
		{598A5C53-05C2-4171-BD87-D5B8CF6D6241}.Release|Any CPU.Build.0 = Release|Any CPU
		{D7326688-E637-4DAD-B18F-A4E4CE9F16A7}.Debug|Any CPU.ActiveCfg = Debug|Any CPU
		{D7326688-E637-4DAD-B18F-A4E4CE9F16A7}.Debug|Any CPU.Build.0 = Debug|Any CPU
		{D7326688-E637-4DAD-B18F-A4E4CE9F16A7}.Release|Any CPU.ActiveCfg = Release|Any CPU
		{D7326688-E637-4DAD-B18F-A4E4CE9F16A7}.Release|Any CPU.Build.0 = Release|Any CPU
	EndGlobalSection
	GlobalSection(SolutionProperties) = preSolution
		HideSolutionNode = FALSE
	EndGlobalSection
	GlobalSection(ExtensibilityGlobals) = postSolution
		SolutionGuid = {D1C9EB70-FBDB-4D98-8D56-082D799F29EB}
	EndGlobalSection
EndGlobal
